
Microsoft Visual Studio Solution File, Format Version 12.00
# Visual Studio 14
VisualStudioVersion = 14.0.23107.0
MinimumVisualStudioVersion = 10.0.40219.1
Project("{2150E333-8FDC-42A3-9474-1A3956D46DE8}") = "Multithreading", "Multithreading", "{2FE893AC-4D63-4276-AC69-F244A2D286ED}"
EndProject
Project("{FAE04EC0-301F-11D3-BF4B-00C04F79EFBC}") = "UnobservedTaskException", "Multithreading\TasksWithExceptions\UnobservedTaskException.csproj", "{8B4FFB72-3645-41E2-ABAB-49C063E42FAF}"
EndProject
Project("{FAE04EC0-301F-11D3-BF4B-00C04F79EFBC}") = "TaskContinueWith", "Multithreading\TaskContinueWith\TaskContinueWith.csproj", "{83C6B451-370E-4E8D-910E-F55278755218}"
EndProject
Project("{FAE04EC0-301F-11D3-BF4B-00C04F79EFBC}") = "TaskCancellationTest", "Multithreading\TaskCancellationTest\TaskCancellationTest.csproj", "{49146AB5-4988-4B64-A2A8-1ECBAA7BFE6A}"
EndProject
Project("{2150E333-8FDC-42A3-9474-1A3956D46DE8}") = "AsyncAwait", "AsyncAwait", "{F2BEBACF-D4BA-47AA-A056-9F5255F0EB2E}"
EndProject
Project("{FAE04EC0-301F-11D3-BF4B-00C04F79EFBC}") = "AsyncAwait", "AsyncAwait\AsyncAwait\AsyncAwait.csproj", "{51EDDDA4-0EE4-48AB-B007-FD69F9D85E1B}"
EndProject
Project("{2150E333-8FDC-42A3-9474-1A3956D46DE8}") = "AppDomain", "AppDomain", "{B7FD8C2F-B36E-4249-B83B-8319EC6A1A4A}"
EndProject
Project("{2150E333-8FDC-42A3-9474-1A3956D46DE8}") = "NotePad.Helpers", "NotePad.Helpers", "{D6E9B6DE-99BA-4229-A1D1-55C123E72B50}"
EndProject
Project("{2150E333-8FDC-42A3-9474-1A3956D46DE8}") = "NotePad.Plugins", "NotePad.Plugins", "{B20E9A81-8F3B-4769-8C07-E33771B736A7}"
EndProject
Project("{FAE04EC0-301F-11D3-BF4B-00C04F79EFBC}") = "NotePad.ConsoleHost", "AppDomain\NotePad.ConsoleHost\NotePad.ConsoleHost.csproj", "{71FB7476-058E-45FE-B86C-91541EB98E05}"
EndProject
Project("{FAE04EC0-301F-11D3-BF4B-00C04F79EFBC}") = "NotePad.Helpers.PluginDiscover", "AppDomain\NotePad.Helpers\Helpers.PluginsDiscover\NotePad.Helpers.PluginDiscover.csproj", "{675EDE6F-9B47-4CFE-AE5F-2AC0876E856C}"
EndProject
Project("{FAE04EC0-301F-11D3-BF4B-00C04F79EFBC}") = "NotePad.Plugins.Common", "AppDomain\NotePad.Plugins\Common\NotePad.Plugins.Common.csproj", "{3F4E93B7-C82F-408C-BD93-EE842AD05C9D}"
EndProject
Project("{FAE04EC0-301F-11D3-BF4B-00C04F79EFBC}") = "NotePad.Plugins.ToErrorConverter", "AppDomain\NotePad.Plugins\ToErrorConverter\NotePad.Plugins.ToErrorConverter.csproj", "{879978C9-B114-48F9-B29F-12F2301A377D}"
EndProject
Project("{FAE04EC0-301F-11D3-BF4B-00C04F79EFBC}") = "NotePad.Plugins.ToMadConverter", "AppDomain\NotePad.Plugins\ToMadConverter\NotePad.Plugins.ToMadConverter.csproj", "{5791960E-C786-4D9D-8C09-74F3A9EFCDE3}"
EndProject
Project("{FAE04EC0-301F-11D3-BF4B-00C04F79EFBC}") = "NotePad.Plugins.ToUpperConverter", "AppDomain\NotePad.Plugins\ToUpperConverter\NotePad.Plugins.ToUpperConverter.csproj", "{76EC89CA-09C8-4863-B7BD-F60F8FD6CCED}"
EndProject
Project("{FAE04EC0-301F-11D3-BF4B-00C04F79EFBC}") = "NotePad.WinFormsHost", "AppDomain\NotePad.WinFormsHost\NotePad.WinFormsHost.csproj", "{F24E2DB2-159E-4B0E-BA5C-AB0F8C5B7CAC}"
EndProject
Global
	GlobalSection(SolutionConfigurationPlatforms) = preSolution
		Debug|Any CPU = Debug|Any CPU
		Release|Any CPU = Release|Any CPU
	EndGlobalSection
	GlobalSection(ProjectConfigurationPlatforms) = postSolution
		{8B4FFB72-3645-41E2-ABAB-49C063E42FAF}.Debug|Any CPU.ActiveCfg = Debug|Any CPU
		{8B4FFB72-3645-41E2-ABAB-49C063E42FAF}.Debug|Any CPU.Build.0 = Debug|Any CPU
		{8B4FFB72-3645-41E2-ABAB-49C063E42FAF}.Release|Any CPU.ActiveCfg = Release|Any CPU
		{8B4FFB72-3645-41E2-ABAB-49C063E42FAF}.Release|Any CPU.Build.0 = Release|Any CPU
		{83C6B451-370E-4E8D-910E-F55278755218}.Debug|Any CPU.ActiveCfg = Debug|Any CPU
		{83C6B451-370E-4E8D-910E-F55278755218}.Debug|Any CPU.Build.0 = Debug|Any CPU
		{83C6B451-370E-4E8D-910E-F55278755218}.Release|Any CPU.ActiveCfg = Release|Any CPU
		{83C6B451-370E-4E8D-910E-F55278755218}.Release|Any CPU.Build.0 = Release|Any CPU
		{49146AB5-4988-4B64-A2A8-1ECBAA7BFE6A}.Debug|Any CPU.ActiveCfg = Debug|Any CPU
		{49146AB5-4988-4B64-A2A8-1ECBAA7BFE6A}.Debug|Any CPU.Build.0 = Debug|Any CPU
		{49146AB5-4988-4B64-A2A8-1ECBAA7BFE6A}.Release|Any CPU.ActiveCfg = Release|Any CPU
		{49146AB5-4988-4B64-A2A8-1ECBAA7BFE6A}.Release|Any CPU.Build.0 = Release|Any CPU
		{51EDDDA4-0EE4-48AB-B007-FD69F9D85E1B}.Debug|Any CPU.ActiveCfg = Debug|Any CPU
		{51EDDDA4-0EE4-48AB-B007-FD69F9D85E1B}.Debug|Any CPU.Build.0 = Debug|Any CPU
		{51EDDDA4-0EE4-48AB-B007-FD69F9D85E1B}.Release|Any CPU.ActiveCfg = Release|Any CPU
		{51EDDDA4-0EE4-48AB-B007-FD69F9D85E1B}.Release|Any CPU.Build.0 = Release|Any CPU
		{71FB7476-058E-45FE-B86C-91541EB98E05}.Debug|Any CPU.ActiveCfg = Debug|Any CPU
		{71FB7476-058E-45FE-B86C-91541EB98E05}.Debug|Any CPU.Build.0 = Debug|Any CPU
		{71FB7476-058E-45FE-B86C-91541EB98E05}.Release|Any CPU.ActiveCfg = Release|Any CPU
		{71FB7476-058E-45FE-B86C-91541EB98E05}.Release|Any CPU.Build.0 = Release|Any CPU
		{675EDE6F-9B47-4CFE-AE5F-2AC0876E856C}.Debug|Any CPU.ActiveCfg = Debug|Any CPU
		{675EDE6F-9B47-4CFE-AE5F-2AC0876E856C}.Debug|Any CPU.Build.0 = Debug|Any CPU
		{675EDE6F-9B47-4CFE-AE5F-2AC0876E856C}.Release|Any CPU.ActiveCfg = Release|Any CPU
		{675EDE6F-9B47-4CFE-AE5F-2AC0876E856C}.Release|Any CPU.Build.0 = Release|Any CPU
		{3F4E93B7-C82F-408C-BD93-EE842AD05C9D}.Debug|Any CPU.ActiveCfg = Debug|Any CPU
		{3F4E93B7-C82F-408C-BD93-EE842AD05C9D}.Debug|Any CPU.Build.0 = Debug|Any CPU
		{3F4E93B7-C82F-408C-BD93-EE842AD05C9D}.Release|Any CPU.ActiveCfg = Release|Any CPU
		{3F4E93B7-C82F-408C-BD93-EE842AD05C9D}.Release|Any CPU.Build.0 = Release|Any CPU
		{879978C9-B114-48F9-B29F-12F2301A377D}.Debug|Any CPU.ActiveCfg = Debug|Any CPU
		{879978C9-B114-48F9-B29F-12F2301A377D}.Debug|Any CPU.Build.0 = Debug|Any CPU
		{879978C9-B114-48F9-B29F-12F2301A377D}.Release|Any CPU.ActiveCfg = Release|Any CPU
		{879978C9-B114-48F9-B29F-12F2301A377D}.Release|Any CPU.Build.0 = Release|Any CPU
		{5791960E-C786-4D9D-8C09-74F3A9EFCDE3}.Debug|Any CPU.ActiveCfg = Debug|Any CPU
		{5791960E-C786-4D9D-8C09-74F3A9EFCDE3}.Debug|Any CPU.Build.0 = Debug|Any CPU
		{5791960E-C786-4D9D-8C09-74F3A9EFCDE3}.Release|Any CPU.ActiveCfg = Release|Any CPU
		{5791960E-C786-4D9D-8C09-74F3A9EFCDE3}.Release|Any CPU.Build.0 = Release|Any CPU
		{76EC89CA-09C8-4863-B7BD-F60F8FD6CCED}.Debug|Any CPU.ActiveCfg = Debug|Any CPU
		{76EC89CA-09C8-4863-B7BD-F60F8FD6CCED}.Debug|Any CPU.Build.0 = Debug|Any CPU
		{76EC89CA-09C8-4863-B7BD-F60F8FD6CCED}.Release|Any CPU.ActiveCfg = Release|Any CPU
		{76EC89CA-09C8-4863-B7BD-F60F8FD6CCED}.Release|Any CPU.Build.0 = Release|Any CPU
		{F24E2DB2-159E-4B0E-BA5C-AB0F8C5B7CAC}.Debug|Any CPU.ActiveCfg = Debug|Any CPU
		{F24E2DB2-159E-4B0E-BA5C-AB0F8C5B7CAC}.Debug|Any CPU.Build.0 = Debug|Any CPU
		{F24E2DB2-159E-4B0E-BA5C-AB0F8C5B7CAC}.Release|Any CPU.ActiveCfg = Release|Any CPU
		{F24E2DB2-159E-4B0E-BA5C-AB0F8C5B7CAC}.Release|Any CPU.Build.0 = Release|Any CPU
	EndGlobalSection
	GlobalSection(SolutionProperties) = preSolution
		HideSolutionNode = FALSE
	EndGlobalSection
	GlobalSection(NestedProjects) = preSolution
		{8B4FFB72-3645-41E2-ABAB-49C063E42FAF} = {2FE893AC-4D63-4276-AC69-F244A2D286ED}
		{83C6B451-370E-4E8D-910E-F55278755218} = {2FE893AC-4D63-4276-AC69-F244A2D286ED}
		{49146AB5-4988-4B64-A2A8-1ECBAA7BFE6A} = {2FE893AC-4D63-4276-AC69-F244A2D286ED}
		{51EDDDA4-0EE4-48AB-B007-FD69F9D85E1B} = {F2BEBACF-D4BA-47AA-A056-9F5255F0EB2E}
		{D6E9B6DE-99BA-4229-A1D1-55C123E72B50} = {B7FD8C2F-B36E-4249-B83B-8319EC6A1A4A}
		{B20E9A81-8F3B-4769-8C07-E33771B736A7} = {B7FD8C2F-B36E-4249-B83B-8319EC6A1A4A}
		{71FB7476-058E-45FE-B86C-91541EB98E05} = {B7FD8C2F-B36E-4249-B83B-8319EC6A1A4A}
		{675EDE6F-9B47-4CFE-AE5F-2AC0876E856C} = {D6E9B6DE-99BA-4229-A1D1-55C123E72B50}
		{3F4E93B7-C82F-408C-BD93-EE842AD05C9D} = {B20E9A81-8F3B-4769-8C07-E33771B736A7}
		{879978C9-B114-48F9-B29F-12F2301A377D} = {B20E9A81-8F3B-4769-8C07-E33771B736A7}
		{5791960E-C786-4D9D-8C09-74F3A9EFCDE3} = {B20E9A81-8F3B-4769-8C07-E33771B736A7}
		{76EC89CA-09C8-4863-B7BD-F60F8FD6CCED} = {B20E9A81-8F3B-4769-8C07-E33771B736A7}
		{F24E2DB2-159E-4B0E-BA5C-AB0F8C5B7CAC} = {B7FD8C2F-B36E-4249-B83B-8319EC6A1A4A}
	EndGlobalSection
EndGlobal
